// !$*UTF8*$!
{
	archiveVersion = 1;
	classes = {
	};
	objectVersion = 77;
	objects = {

/* Begin PBXContainerItemProxy section */
		120A25A82CFAEBDF005F16AD /* PBXContainerItemProxy */ = {
			isa = PBXContainerItemProxy;
			containerPortal = 120A258F2CFAEBDD005F16AD /* Project object */;
			proxyType = 1;
			remoteGlobalIDString = 120A25962CFAEBDD005F16AD;
			remoteInfo = "globeku-app";
		};
		120A25B22CFAEBDF005F16AD /* PBXContainerItemProxy */ = {
			isa = PBXContainerItemProxy;
			containerPortal = 120A258F2CFAEBDD005F16AD /* Project object */;
			proxyType = 1;
			remoteGlobalIDString = 120A25962CFAEBDD005F16AD;
			remoteInfo = "globeku-app";
		};
/* End PBXContainerItemProxy section */

/* Begin PBXFileReference section */
		120A25972CFAEBDD005F16AD /* globeku-app.app */ = {isa = PBXFileReference; explicitFileType = wrapper.application; includeInIndex = 0; path = "globeku-app.app"; sourceTree = BUILT_PRODUCTS_DIR; };
		120A25A72CFAEBDF005F16AD /* globeku-appTests.xctest */ = {isa = PBXFileReference; explicitFileType = wrapper.cfbundle; includeInIndex = 0; path = "globeku-appTests.xctest"; sourceTree = BUILT_PRODUCTS_DIR; };
		120A25B12CFAEBDF005F16AD /* globeku-appUITests.xctest */ = {isa = PBXFileReference; explicitFileType = wrapper.cfbundle; includeInIndex = 0; path = "globeku-appUITests.xctest"; sourceTree = BUILT_PRODUCTS_DIR; };
/* End PBXFileReference section */

/* Begin PBXFileSystemSynchronizedBuildFileExceptionSet section */
		120A25C52CFAECBD005F16AD /* Exceptions for "globeku-app" folder in "globeku-app" target */ = {
			isa = PBXFileSystemSynchronizedBuildFileExceptionSet;
			membershipExceptions = (
				Info.plist,
			);
			target = 120A25962CFAEBDD005F16AD /* globeku-app */;
		};
/* End PBXFileSystemSynchronizedBuildFileExceptionSet section */

/* Begin PBXFileSystemSynchronizedRootGroup section */
		120A25992CFAEBDD005F16AD /* globeku-app */ = {
			isa = PBXFileSystemSynchronizedRootGroup;
			exceptions = (
				120A25C52CFAECBD005F16AD /* Exceptions for "globeku-app" folder in "globeku-app" target */,
			);
			path = "globeku-app";
			sourceTree = "<group>";
		};
		120A25AA2CFAEBDF005F16AD /* globeku-appTests */ = {
			isa = PBXFileSystemSynchronizedRootGroup;
			path = "globeku-appTests";
			sourceTree = "<group>";
		};
		120A25B42CFAEBDF005F16AD /* globeku-appUITests */ = {
			isa = PBXFileSystemSynchronizedRootGroup;
			path = "globeku-appUITests";
			sourceTree = "<group>";
		};
/* End PBXFileSystemSynchronizedRootGroup section */

/* Begin PBXFrameworksBuildPhase section */
		120A25942CFAEBDD005F16AD /* Frameworks */ = {
			isa = PBXFrameworksBuildPhase;
			buildActionMask = 2147483647;
			files = (
			);
			runOnlyForDeploymentPostprocessing = 0;
		};
		120A25A42CFAEBDF005F16AD /* Frameworks */ = {
			isa = PBXFrameworksBuildPhase;
			buildActionMask = 2147483647;
			files = (
			);
			runOnlyForDeploymentPostprocessing = 0;
		};
		120A25AE2CFAEBDF005F16AD /* Frameworks */ = {
			isa = PBXFrameworksBuildPhase;
			buildActionMask = 2147483647;
			files = (
			);
			runOnlyForDeploymentPostprocessing = 0;
		};
/* End PBXFrameworksBuildPhase section */

/* Begin PBXGroup section */
		120A258E2CFAEBDD005F16AD = {
			isa = PBXGroup;
			children = (
				120A25992CFAEBDD005F16AD /* globeku-app */,
				120A25AA2CFAEBDF005F16AD /* globeku-appTests */,
				120A25B42CFAEBDF005F16AD /* globeku-appUITests */,
				120A25982CFAEBDD005F16AD /* Products */,
			);
			sourceTree = "<group>";
		};
		120A25982CFAEBDD005F16AD /* Products */ = {
			isa = PBXGroup;
			children = (
				120A25972CFAEBDD005F16AD /* globeku-app.app */,
				120A25A72CFAEBDF005F16AD /* globeku-appTests.xctest */,
				120A25B12CFAEBDF005F16AD /* globeku-appUITests.xctest */,
			);
			name = Products;
			sourceTree = "<group>";
		};
/* End PBXGroup section */

/* Begin PBXNativeTarget section */
		120A25962CFAEBDD005F16AD /* globeku-app */ = {
			isa = PBXNativeTarget;
			buildConfigurationList = 120A25BB2CFAEBDF005F16AD /* Build configuration list for PBXNativeTarget "globeku-app" */;
			buildPhases = (
				120A25932CFAEBDD005F16AD /* Sources */,
				120A25942CFAEBDD005F16AD /* Frameworks */,
				120A25952CFAEBDD005F16AD /* Resources */,
			);
			buildRules = (
			);
			dependencies = (
			);
			fileSystemSynchronizedGroups = (
				120A25992CFAEBDD005F16AD /* globeku-app */,
			);
			name = "globeku-app";
			packageProductDependencies = (
			);
			productName = "globeku-app";
			productReference = 120A25972CFAEBDD005F16AD /* globeku-app.app */;
			productType = "com.apple.product-type.application";
		};
		120A25A62CFAEBDF005F16AD /* globeku-appTests */ = {
			isa = PBXNativeTarget;
			buildConfigurationList = 120A25BE2CFAEBDF005F16AD /* Build configuration list for PBXNativeTarget "globeku-appTests" */;
			buildPhases = (
				120A25A32CFAEBDF005F16AD /* Sources */,
				120A25A42CFAEBDF005F16AD /* Frameworks */,
				120A25A52CFAEBDF005F16AD /* Resources */,
			);
			buildRules = (
			);
			dependencies = (
				120A25A92CFAEBDF005F16AD /* PBXTargetDependency */,
			);
			fileSystemSynchronizedGroups = (
				120A25AA2CFAEBDF005F16AD /* globeku-appTests */,
			);
			name = "globeku-appTests";
			packageProductDependencies = (
			);
			productName = "globeku-appTests";
			productReference = 120A25A72CFAEBDF005F16AD /* globeku-appTests.xctest */;
			productType = "com.apple.product-type.bundle.unit-test";
		};
		120A25B02CFAEBDF005F16AD /* globeku-appUITests */ = {
			isa = PBXNativeTarget;
			buildConfigurationList = 120A25C12CFAEBDF005F16AD /* Build configuration list for PBXNativeTarget "globeku-appUITests" */;
			buildPhases = (
				120A25AD2CFAEBDF005F16AD /* Sources */,
				120A25AE2CFAEBDF005F16AD /* Frameworks */,
				120A25AF2CFAEBDF005F16AD /* Resources */,
			);
			buildRules = (
			);
			dependencies = (
				120A25B32CFAEBDF005F16AD /* PBXTargetDependency */,
			);
			fileSystemSynchronizedGroups = (
				120A25B42CFAEBDF005F16AD /* globeku-appUITests */,
			);
			name = "globeku-appUITests";
			packageProductDependencies = (
			);
			productName = "globeku-appUITests";
			productReference = 120A25B12CFAEBDF005F16AD /* globeku-appUITests.xctest */;
			productType = "com.apple.product-type.bundle.ui-testing";
		};
/* End PBXNativeTarget section */

/* Begin PBXProject section */
		120A258F2CFAEBDD005F16AD /* Project object */ = {
			isa = PBXProject;
			attributes = {
				BuildIndependentTargetsInParallel = 1;
				LastSwiftUpdateCheck = 1610;
				LastUpgradeCheck = 1610;
				TargetAttributes = {
					120A25962CFAEBDD005F16AD = {
						CreatedOnToolsVersion = 16.1;
					};
					120A25A62CFAEBDF005F16AD = {
						CreatedOnToolsVersion = 16.1;
						TestTargetID = 120A25962CFAEBDD005F16AD;
					};
					120A25B02CFAEBDF005F16AD = {
						CreatedOnToolsVersion = 16.1;
						TestTargetID = 120A25962CFAEBDD005F16AD;
					};
				};
			};
			buildConfigurationList = 120A25922CFAEBDD005F16AD /* Build configuration list for PBXProject "globeku-app" */;
			developmentRegion = en;
			hasScannedForEncodings = 0;
			knownRegions = (
				en,
				Base,
			);
			mainGroup = 120A258E2CFAEBDD005F16AD;
			minimizedProjectReferenceProxies = 1;
			preferredProjectObjectVersion = 77;
			productRefGroup = 120A25982CFAEBDD005F16AD /* Products */;
			projectDirPath = "";
			projectRoot = "";
			targets = (
				120A25962CFAEBDD005F16AD /* globeku-app */,
				120A25A62CFAEBDF005F16AD /* globeku-appTests */,
				120A25B02CFAEBDF005F16AD /* globeku-appUITests */,
			);
		};
/* End PBXProject section */

/* Begin PBXResourcesBuildPhase section */
		120A25952CFAEBDD005F16AD /* Resources */ = {
			isa = PBXResourcesBuildPhase;
			buildActionMask = 2147483647;
			files = (
			);
			runOnlyForDeploymentPostprocessing = 0;
		};
		120A25A52CFAEBDF005F16AD /* Resources */ = {
			isa = PBXResourcesBuildPhase;
			buildActionMask = 2147483647;
			files = (
			);
			runOnlyForDeploymentPostprocessing = 0;
		};
		120A25AF2CFAEBDF005F16AD /* Resources */ = {
			isa = PBXResourcesBuildPhase;
			buildActionMask = 2147483647;
			files = (
			);
			runOnlyForDeploymentPostprocessing = 0;
		};
/* End PBXResourcesBuildPhase section */

/* Begin PBXSourcesBuildPhase section */
		120A25932CFAEBDD005F16AD /* Sources */ = {
			isa = PBXSourcesBuildPhase;
			buildActionMask = 2147483647;
			files = (
			);
			runOnlyForDeploymentPostprocessing = 0;
		};
		120A25A32CFAEBDF005F16AD /* Sources */ = {
			isa = PBXSourcesBuildPhase;
			buildActionMask = 2147483647;
			files = (
			);
			runOnlyForDeploymentPostprocessing = 0;
		};
		120A25AD2CFAEBDF005F16AD /* Sources */ = {
			isa = PBXSourcesBuildPhase;
			buildActionMask = 2147483647;
			files = (
			);
			runOnlyForDeploymentPostprocessing = 0;
		};
/* End PBXSourcesBuildPhase section */

/* Begin PBXTargetDependency section */
		120A25A92CFAEBDF005F16AD /* PBXTargetDependency */ = {
			isa = PBXTargetDependency;
			target = 120A25962CFAEBDD005F16AD /* globeku-app */;
			targetProxy = 120A25A82CFAEBDF005F16AD /* PBXContainerItemProxy */;
		};
		120A25B32CFAEBDF005F16AD /* PBXTargetDependency */ = {
			isa = PBXTargetDependency;
			target = 120A25962CFAEBDD005F16AD /* globeku-app */;
			targetProxy = 120A25B22CFAEBDF005F16AD /* PBXContainerItemProxy */;
		};
/* End PBXTargetDependency section */

/* Begin XCBuildConfiguration section */
		120A25B92CFAEBDF005F16AD /* Debug */ = {
			isa = XCBuildConfiguration;
			buildSettings = {
				ALWAYS_SEARCH_USER_PATHS = NO;
				ASSETCATALOG_COMPILER_GENERATE_SWIFT_ASSET_SYMBOL_EXTENSIONS = YES;
				CLANG_ANALYZER_NONNULL = YES;
				CLANG_ANALYZER_NUMBER_OBJECT_CONVERSION = YES_AGGRESSIVE;
				CLANG_CXX_LANGUAGE_STANDARD = "gnu++20";
				CLANG_ENABLE_MODULES = YES;
				CLANG_ENABLE_OBJC_ARC = YES;
				CLANG_ENABLE_OBJC_WEAK = YES;
				CLANG_WARN_BLOCK_CAPTURE_AUTORELEASING = YES;
				CLANG_WARN_BOOL_CONVERSION = YES;
				CLANG_WARN_COMMA = YES;
				CLANG_WARN_CONSTANT_CONVERSION = YES;
				CLANG_WARN_DEPRECATED_OBJC_IMPLEMENTATIONS = YES;
				CLANG_WARN_DIRECT_OBJC_ISA_USAGE = YES_ERROR;
				CLANG_WARN_DOCUMENTATION_COMMENTS = YES;
				CLANG_WARN_EMPTY_BODY = YES;
				CLANG_WARN_ENUM_CONVERSION = YES;
				CLANG_WARN_INFINITE_RECURSION = YES;
				CLANG_WARN_INT_CONVERSION = YES;
				CLANG_WARN_NON_LITERAL_NULL_CONVERSION = YES;
				CLANG_WARN_OBJC_IMPLICIT_RETAIN_SELF = YES;
				CLANG_WARN_OBJC_LITERAL_CONVERSION = YES;
				CLANG_WARN_OBJC_ROOT_CLASS = YES_ERROR;
				CLANG_WARN_QUOTED_INCLUDE_IN_FRAMEWORK_HEADER = YES;
				CLANG_WARN_RANGE_LOOP_ANALYSIS = YES;
				CLANG_WARN_STRICT_PROTOTYPES = YES;
				CLANG_WARN_SUSPICIOUS_MOVE = YES;
				CLANG_WARN_UNGUARDED_AVAILABILITY = YES_AGGRESSIVE;
				CLANG_WARN_UNREACHABLE_CODE = YES;
				CLANG_WARN__DUPLICATE_METHOD_MATCH = YES;
				COPY_PHASE_STRIP = NO;
				DEBUG_INFORMATION_FORMAT = dwarf;
				ENABLE_STRICT_OBJC_MSGSEND = YES;
				ENABLE_TESTABILITY = YES;
				ENABLE_USER_SCRIPT_SANDBOXING = YES;
				GCC_C_LANGUAGE_STANDARD = gnu17;
				GCC_DYNAMIC_NO_PIC = NO;
				GCC_NO_COMMON_BLOCKS = YES;
				GCC_OPTIMIZATION_LEVEL = 0;
				GCC_PREPROCESSOR_DEFINITIONS = (
					"DEBUG=1",
					"$(inherited)",
				);
				GCC_WARN_64_TO_32_BIT_CONVERSION = YES;
				GCC_WARN_ABOUT_RETURN_TYPE = YES_ERROR;
				GCC_WARN_UNDECLARED_SELECTOR = YES;
				GCC_WARN_UNINITIALIZED_AUTOS = YES_AGGRESSIVE;
				GCC_WARN_UNUSED_FUNCTION = YES;
				GCC_WARN_UNUSED_VARIABLE = YES;
				IPHONEOS_DEPLOYMENT_TARGET = 18.1;
				LOCALIZATION_PREFERS_STRING_CATALOGS = YES;
				MTL_ENABLE_DEBUG_INFO = INCLUDE_SOURCE;
				MTL_FAST_MATH = YES;
				ONLY_ACTIVE_ARCH = YES;
				SDKROOT = iphoneos;
				SWIFT_ACTIVE_COMPILATION_CONDITIONS = "DEBUG $(inherited)";
				SWIFT_OPTIMIZATION_LEVEL = "-Onone";
			};
			name = Debug;
		};
		120A25BA2CFAEBDF005F16AD /* Release */ = {
			isa = XCBuildConfiguration;
			buildSettings = {
				ALWAYS_SEARCH_USER_PATHS = NO;
				ASSETCATALOG_COMPILER_GENERATE_SWIFT_ASSET_SYMBOL_EXTENSIONS = YES;
				CLANG_ANALYZER_NONNULL = YES;
				CLANG_ANALYZER_NUMBER_OBJECT_CONVERSION = YES_AGGRESSIVE;
				CLANG_CXX_LANGUAGE_STANDARD = "gnu++20";
				CLANG_ENABLE_MODULES = YES;
				CLANG_ENABLE_OBJC_ARC = YES;
				CLANG_ENABLE_OBJC_WEAK = YES;
				CLANG_WARN_BLOCK_CAPTURE_AUTORELEASING = YES;
				CLANG_WARN_BOOL_CONVERSION = YES;
				CLANG_WARN_COMMA = YES;
				CLANG_WARN_CONSTANT_CONVERSION = YES;
				CLANG_WARN_DEPRECATED_OBJC_IMPLEMENTATIONS = YES;
				CLANG_WARN_DIRECT_OBJC_ISA_USAGE = YES_ERROR;
				CLANG_WARN_DOCUMENTATION_COMMENTS = YES;
				CLANG_WARN_EMPTY_BODY = YES;
				CLANG_WARN_ENUM_CONVERSION = YES;
				CLANG_WARN_INFINITE_RECURSION = YES;
				CLANG_WARN_INT_CONVERSION = YES;
				CLANG_WARN_NON_LITERAL_NULL_CONVERSION = YES;
				CLANG_WARN_OBJC_IMPLICIT_RETAIN_SELF = YES;
				CLANG_WARN_OBJC_LITERAL_CONVERSION = YES;
				CLANG_WARN_OBJC_ROOT_CLASS = YES_ERROR;
				CLANG_WARN_QUOTED_INCLUDE_IN_FRAMEWORK_HEADER = YES;
				CLANG_WARN_RANGE_LOOP_ANALYSIS = YES;
				CLANG_WARN_STRICT_PROTOTYPES = YES;
				CLANG_WARN_SUSPICIOUS_MOVE = YES;
				CLANG_WARN_UNGUARDED_AVAILABILITY = YES_AGGRESSIVE;
				CLANG_WARN_UNREACHABLE_CODE = YES;
				CLANG_WARN__DUPLICATE_METHOD_MATCH = YES;
				COPY_PHASE_STRIP = NO;
				DEBUG_INFORMATION_FORMAT = "dwarf-with-dsym";
				ENABLE_NS_ASSERTIONS = NO;
				ENABLE_STRICT_OBJC_MSGSEND = YES;
				ENABLE_USER_SCRIPT_SANDBOXING = YES;
				GCC_C_LANGUAGE_STANDARD = gnu17;
				GCC_NO_COMMON_BLOCKS = YES;
				GCC_WARN_64_TO_32_BIT_CONVERSION = YES;
				GCC_WARN_ABOUT_RETURN_TYPE = YES_ERROR;
				GCC_WARN_UNDECLARED_SELECTOR = YES;
				GCC_WARN_UNINITIALIZED_AUTOS = YES_AGGRESSIVE;
				GCC_WARN_UNUSED_FUNCTION = YES;
				GCC_WARN_UNUSED_VARIABLE = YES;
				IPHONEOS_DEPLOYMENT_TARGET = 18.1;
				LOCALIZATION_PREFERS_STRING_CATALOGS = YES;
				MTL_ENABLE_DEBUG_INFO = NO;
				MTL_FAST_MATH = YES;
				SDKROOT = iphoneos;
				SWIFT_COMPILATION_MODE = wholemodule;
				VALIDATE_PRODUCT = YES;
			};
			name = Release;
		};
		120A25BC2CFAEBDF005F16AD /* Debug */ = {
			isa = XCBuildConfiguration;
			buildSettings = {
				ASSETCATALOG_COMPILER_APPICON_NAME = AppIcon;
				ASSETCATALOG_COMPILER_GLOBAL_ACCENT_COLOR_NAME = AccentColor;
				ASSETCATALOG_COMPILER_INCLUDE_ALL_APPICON_ASSETS = YES;
				CODE_SIGN_STYLE = Automatic;
				CURRENT_PROJECT_VERSION = 1;
				DEVELOPMENT_ASSET_PATHS = "\"globeku-app/Preview Content\"";
				DEVELOPMENT_TEAM = 43BP9M7756;
				ENABLE_PREVIEWS = YES;
				GENERATE_INFOPLIST_FILE = YES;
				INFOPLIST_FILE = "globeku-app/Info.plist";
				INFOPLIST_KEY_CFBundleDisplayName = GlobeKu;
				INFOPLIST_KEY_LSApplicationCategoryType = "public.app-category.education";
				INFOPLIST_KEY_NSCameraUsageDescription = "This lets you take photos, record videos and more within the app.";
				INFOPLIST_KEY_UIApplicationSceneManifest_Generation = YES;
				INFOPLIST_KEY_UIApplicationSupportsIndirectInputEvents = YES;
				INFOPLIST_KEY_UILaunchScreen_Generation = YES;
				INFOPLIST_KEY_UILaunchStoryboardName = "Launch Screen.storyboard";
				INFOPLIST_KEY_UISupportedInterfaceOrientations_iPad = "UIInterfaceOrientationPortrait UIInterfaceOrientationPortraitUpsideDown UIInterfaceOrientationLandscapeLeft UIInterfaceOrientationLandscapeRight";
				INFOPLIST_KEY_UISupportedInterfaceOrientations_iPhone = "UIInterfaceOrientationPortrait UIInterfaceOrientationLandscapeLeft UIInterfaceOrientationLandscapeRight";
				IPHONEOS_DEPLOYMENT_TARGET = 15.6;
				LD_RUNPATH_SEARCH_PATHS = (
					"$(inherited)",
					"@executable_path/Frameworks",
				);
				MARKETING_VERSION = 1.0;
				PRODUCT_BUNDLE_IDENTIFIER = "com.samanjaya.globeku-app";
				PRODUCT_NAME = "$(TARGET_NAME)";
				SWIFT_EMIT_LOC_STRINGS = YES;
				SWIFT_VERSION = 5.0;
				TARGETED_DEVICE_FAMILY = "1,2";
			};
			name = Debug;
		};
		120A25BD2CFAEBDF005F16AD /* Release */ = {
			isa = XCBuildConfiguration;
			buildSettings = {
				ASSETCATALOG_COMPILER_APPICON_NAME = AppIcon;
				ASSETCATALOG_COMPILER_GLOBAL_ACCENT_COLOR_NAME = AccentColor;
				ASSETCATALOG_COMPILER_INCLUDE_ALL_APPICON_ASSETS = YES;
				CODE_SIGN_STYLE = Automatic;
				CURRENT_PROJECT_VERSION = 1;
				DEVELOPMENT_ASSET_PATHS = "\"globeku-app/Preview Content\"";
				DEVELOPMENT_TEAM = 43BP9M7756;
				ENABLE_PREVIEWS = YES;
				GENERATE_INFOPLIST_FILE = YES;
				INFOPLIST_FILE = "globeku-app/Info.plist";
				INFOPLIST_KEY_CFBundleDisplayName = GlobeKu;
				INFOPLIST_KEY_LSApplicationCategoryType = "public.app-category.education";
				INFOPLIST_KEY_NSCameraUsageDescription = "This lets you take photos, record videos and more within the app.";
				INFOPLIST_KEY_UIApplicationSceneManifest_Generation = YES;
				INFOPLIST_KEY_UIApplicationSupportsIndirectInputEvents = YES;
				INFOPLIST_KEY_UILaunchScreen_Generation = YES;
				INFOPLIST_KEY_UILaunchStoryboardName = "Launch Screen.storyboard";
				INFOPLIST_KEY_UISupportedInterfaceOrientations_iPad = "UIInterfaceOrientationPortrait UIInterfaceOrientationPortraitUpsideDown UIInterfaceOrientationLandscapeLeft UIInterfaceOrientationLandscapeRight";
				INFOPLIST_KEY_UISupportedInterfaceOrientations_iPhone = "UIInterfaceOrientationPortrait UIInterfaceOrientationLandscapeLeft UIInterfaceOrientationLandscapeRight";
				IPHONEOS_DEPLOYMENT_TARGET = 15.6;
				LD_RUNPATH_SEARCH_PATHS = (
					"$(inherited)",
					"@executable_path/Frameworks",
				);
				MARKETING_VERSION = 1.0;
				PRODUCT_BUNDLE_IDENTIFIER = "com.samanjaya.globeku-app";
				PRODUCT_NAME = "$(TARGET_NAME)";
				SWIFT_EMIT_LOC_STRINGS = YES;
				SWIFT_VERSION = 5.0;
				TARGETED_DEVICE_FAMILY = "1,2";
			};
			name = Release;
		};
		120A25BF2CFAEBDF005F16AD /* Debug */ = {
			isa = XCBuildConfiguration;
			buildSettings = {
				BUNDLE_LOADER = "$(TEST_HOST)";
				CODE_SIGN_STYLE = Automatic;
				CURRENT_PROJECT_VERSION = 1;
				DEVELOPMENT_TEAM = 43BP9M7756;
				GENERATE_INFOPLIST_FILE = YES;
				IPHONEOS_DEPLOYMENT_TARGET = 15.6;
				MARKETING_VERSION = 1.0;
				PRODUCT_BUNDLE_IDENTIFIER = "com.samanjaya.globeku-appTests";
				PRODUCT_NAME = "$(TARGET_NAME)";
				SWIFT_EMIT_LOC_STRINGS = NO;
				SWIFT_VERSION = 5.0;
				TARGETED_DEVICE_FAMILY = "1,2";
				TEST_HOST = "$(BUILT_PRODUCTS_DIR)/globeku-app.app/$(BUNDLE_EXECUTABLE_FOLDER_PATH)/globeku-app";
			};
			name = Debug;
		};
		120A25C02CFAEBDF005F16AD /* Release */ = {
			isa = XCBuildConfiguration;
			buildSettings = {
				BUNDLE_LOADER = "$(TEST_HOST)";
				CODE_SIGN_STYLE = Automatic;
				CURRENT_PROJECT_VERSION = 1;
				DEVELOPMENT_TEAM = 43BP9M7756;
				GENERATE_INFOPLIST_FILE = YES;
				IPHONEOS_DEPLOYMENT_TARGET = 15.6;
				MARKETING_VERSION = 1.0;
				PRODUCT_BUNDLE_IDENTIFIER = "com.samanjaya.globeku-appTests";
				PRODUCT_NAME = "$(TARGET_NAME)";
				SWIFT_EMIT_LOC_STRINGS = NO;
				SWIFT_VERSION = 5.0;
				TARGETED_DEVICE_FAMILY = "1,2";
				TEST_HOST = "$(BUILT_PRODUCTS_DIR)/globeku-app.app/$(BUNDLE_EXECUTABLE_FOLDER_PATH)/globeku-app";
			};
			name = Release;
		};
		120A25C22CFAEBDF005F16AD /* Debug */ = {
			isa = XCBuildConfiguration;
			buildSettings = {
				CODE_SIGN_STYLE = Automatic;
				CURRENT_PROJECT_VERSION = 1;
				DEVELOPMENT_TEAM = 43BP9M7756;
				GENERATE_INFOPLIST_FILE = YES;
				IPHONEOS_DEPLOYMENT_TARGET = 15.6;
				MARKETING_VERSION = 1.0;
				PRODUCT_BUNDLE_IDENTIFIER = "com.samanjaya.globeku-appUITests";
				PRODUCT_NAME = "$(TARGET_NAME)";
				SWIFT_EMIT_LOC_STRINGS = NO;
				SWIFT_VERSION = 5.0;
				TARGETED_DEVICE_FAMILY = "1,2";
				TEST_TARGET_NAME = "globeku-app";
			};
			name = Debug;
		};
		120A25C32CFAEBDF005F16AD /* Release */ = {
			isa = XCBuildConfiguration;
			buildSettings = {
				CODE_SIGN_STYLE = Automatic;
				CURRENT_PROJECT_VERSION = 1;
				DEVELOPMENT_TEAM = 43BP9M7756;
				GENERATE_INFOPLIST_FILE = YES;
				IPHONEOS_DEPLOYMENT_TARGET = 15.6;
				MARKETING_VERSION = 1.0;
				PRODUCT_BUNDLE_IDENTIFIER = "com.samanjaya.globeku-appUITests";
				PRODUCT_NAME = "$(TARGET_NAME)";
				SWIFT_EMIT_LOC_STRINGS = NO;
				SWIFT_VERSION = 5.0;
				TARGETED_DEVICE_FAMILY = "1,2";
				TEST_TARGET_NAME = "globeku-app";
			};
			name = Release;
		};
/* End XCBuildConfiguration section */

/* Begin XCConfigurationList section */
		120A25922CFAEBDD005F16AD /* Build configuration list for PBXProject "globeku-app" */ = {
			isa = XCConfigurationList;
			buildConfigurations = (
				120A25B92CFAEBDF005F16AD /* Debug */,
				120A25BA2CFAEBDF005F16AD /* Release */,
			);
			defaultConfigurationIsVisible = 0;
			defaultConfigurationName = Release;
		};
		120A25BB2CFAEBDF005F16AD /* Build configuration list for PBXNativeTarget "globeku-app" */ = {
			isa = XCConfigurationList;
			buildConfigurations = (
				120A25BC2CFAEBDF005F16AD /* Debug */,
				120A25BD2CFAEBDF005F16AD /* Release */,
			);
			defaultConfigurationIsVisible = 0;
			defaultConfigurationName = Release;
		};
		120A25BE2CFAEBDF005F16AD /* Build configuration list for PBXNativeTarget "globeku-appTests" */ = {
			isa = XCConfigurationList;
			buildConfigurations = (
				120A25BF2CFAEBDF005F16AD /* Debug */,
				120A25C02CFAEBDF005F16AD /* Release */,
			);
			defaultConfigurationIsVisible = 0;
			defaultConfigurationName = Release;
		};
		120A25C12CFAEBDF005F16AD /* Build configuration list for PBXNativeTarget "globeku-appUITests" */ = {
			isa = XCConfigurationList;
			buildConfigurations = (
				120A25C22CFAEBDF005F16AD /* Debug */,
				120A25C32CFAEBDF005F16AD /* Release */,
			);
			defaultConfigurationIsVisible = 0;
			defaultConfigurationName = Release;
		};
/* End XCConfigurationList section */
	};
	rootObject = 120A258F2CFAEBDD005F16AD /* Project object */;
}
